
Microsoft Visual Studio Solution File, Format Version 12.00
# Visual Studio 2013
VisualStudioVersion = 12.0.21005.1
MinimumVisualStudioVersion = 10.0.40219.1
Project("{FAE04EC0-301F-11D3-BF4B-00C04F79EFBC}") = "Hush", "Hush.csproj", "{1FAFAD41-86C7-4E52-9866-F7809ED646D8}"
EndProject
Project("{54435603-DBB4-11D2-8724-00A0C9A8B90C}") = "HushSetup", "HushSetup\HushSetup.vdproj", "{3ACCED05-0528-456A-A91A-E1C3295A610D}"
EndProject
Global
	GlobalSection(SolutionConfigurationPlatforms) = preSolution
		Debug|Any CPU = Debug|Any CPU
		Release|Any CPU = Release|Any CPU
	EndGlobalSection
	GlobalSection(ProjectConfigurationPlatforms) = postSolution
		{1FAFAD41-86C7-4E52-9866-F7809ED646D8}.Debug|Any CPU.ActiveCfg = Debug|Any CPU
		{1FAFAD41-86C7-4E52-9866-F7809ED646D8}.Debug|Any CPU.Build.0 = Debug|Any CPU
		{1FAFAD41-86C7-4E52-9866-F7809ED646D8}.Release|Any CPU.ActiveCfg = Release|Any CPU
		{1FAFAD41-86C7-4E52-9866-F7809ED646D8}.Release|Any CPU.Build.0 = Release|Any CPU
		{3ACCED05-0528-456A-A91A-E1C3295A610D}.Debug|Any CPU.ActiveCfg = Debug
		{3ACCED05-0528-456A-A91A-E1C3295A610D}.Release|Any CPU.ActiveCfg = Release
		{3ACCED05-0528-456A-A91A-E1C3295A610D}.Release|Any CPU.Build.0 = Release
	EndGlobalSection
	GlobalSection(SolutionProperties) = preSolution
		HideSolutionNode = FALSE
	EndGlobalSection
EndGlobal
